// !$*UTF8*$!
{
	archiveVersion = 1;
	classes = {
	};
	objectVersion = 50;
	objects = {

/* Begin PBXBuildFile section */
		8D6D88B9219CB4F90006F293 /* AppDelegate.swift in Sources */ = {isa = PBXBuildFile; fileRef = 8D6D88B8219CB4F90006F293 /* AppDelegate.swift */; };
		8D6D88BB219CB4F90006F293 /* ViewController.swift in Sources */ = {isa = PBXBuildFile; fileRef = 8D6D88BA219CB4F90006F293 /* ViewController.swift */; };
		8D6D88BE219CB4F90006F293 /* Main.storyboard in Resources */ = {isa = PBXBuildFile; fileRef = 8D6D88BC219CB4F90006F293 /* Main.storyboard */; };
		8D6D88C0219CB4FA0006F293 /* Assets.xcassets in Resources */ = {isa = PBXBuildFile; fileRef = 8D6D88BF219CB4FA0006F293 /* Assets.xcassets */; };
		8D6D88C3219CB4FA0006F293 /* LaunchScreen.storyboard in Resources */ = {isa = PBXBuildFile; fileRef = 8D6D88C1219CB4FA0006F293 /* LaunchScreen.storyboard */; };
		8D6D88CE219CB4FA0006F293 /* KotlinNativeIOSTests.swift in Sources */ = {isa = PBXBuildFile; fileRef = 8D6D88CD219CB4FA0006F293 /* KotlinNativeIOSTests.swift */; };
		8D6D88D9219CB4FA0006F293 /* KotlinNativeIOSUITests.swift in Sources */ = {isa = PBXBuildFile; fileRef = 8D6D88D8219CB4FA0006F293 /* KotlinNativeIOSUITests.swift */; };
		8D6D88EA219CBA1A0006F293 /* SharedCode.framework in Frameworks */ = {isa = PBXBuildFile; fileRef = 8D6D88E9219CBA1A0006F293 /* SharedCode.framework */; };
		8D6D88EB219CBA1A0006F293 /* SharedCode.framework in Embed Frameworks */ = {isa = PBXBuildFile; fileRef = 8D6D88E9219CBA1A0006F293 /* SharedCode.framework */; settings = {ATTRIBUTES = (CodeSignOnCopy, RemoveHeadersOnCopy, ); }; };
/* End PBXBuildFile section */

/* Begin PBXContainerItemProxy section */
		8D6D88CA219CB4FA0006F293 /* PBXContainerItemProxy */ = {
			isa = PBXContainerItemProxy;
			containerPortal = 8D6D88AD219CB4F80006F293 /* Project object */;
			proxyType = 1;
			remoteGlobalIDString = 8D6D88B4219CB4F80006F293;
			remoteInfo = KotlinNativeIOS;
		};
		8D6D88D5219CB4FA0006F293 /* PBXContainerItemProxy */ = {
			isa = PBXContainerItemProxy;
			containerPortal = 8D6D88AD219CB4F80006F293 /* Project object */;
			proxyType = 1;
			remoteGlobalIDString = 8D6D88B4219CB4F80006F293;
			remoteInfo = KotlinNativeIOS;
		};
/* End PBXContainerItemProxy section */

/* Begin PBXCopyFilesBuildPhase section */
		8D6D88EC219CBA1A0006F293 /* Embed Frameworks */ = {
			isa = PBXCopyFilesBuildPhase;
			buildActionMask = 2147483647;
			dstPath = "";
			dstSubfolderSpec = 10;
			files = (
				8D6D88EB219CBA1A0006F293 /* SharedCode.framework in Embed Frameworks */,
			);
			name = "Embed Frameworks";
			runOnlyForDeploymentPostprocessing = 0;
		};
/* End PBXCopyFilesBuildPhase section */

/* Begin PBXFileReference section */
		8D6D88B5219CB4F80006F293 /* KotlinNativeIOS.app */ = {isa = PBXFileReference; explicitFileType = wrapper.application; includeInIndex = 0; path = KotlinNativeIOS.app; sourceTree = BUILT_PRODUCTS_DIR; };
		8D6D88B8219CB4F90006F293 /* AppDelegate.swift */ = {isa = PBXFileReference; lastKnownFileType = sourcecode.swift; path = AppDelegate.swift; sourceTree = "<group>"; };
		8D6D88BA219CB4F90006F293 /* ViewController.swift */ = {isa = PBXFileReference; lastKnownFileType = sourcecode.swift; path = ViewController.swift; sourceTree = "<group>"; };
		8D6D88BD219CB4F90006F293 /* Base */ = {isa = PBXFileReference; lastKnownFileType = file.storyboard; name = Base; path = Base.lproj/Main.storyboard; sourceTree = "<group>"; };
		8D6D88BF219CB4FA0006F293 /* Assets.xcassets */ = {isa = PBXFileReference; lastKnownFileType = folder.assetcatalog; path = Assets.xcassets; sourceTree = "<group>"; };
		8D6D88C2219CB4FA0006F293 /* Base */ = {isa = PBXFileReference; lastKnownFileType = file.storyboard; name = Base; path = Base.lproj/LaunchScreen.storyboard; sourceTree = "<group>"; };
		8D6D88C4219CB4FA0006F293 /* Info.plist */ = {isa = PBXFileReference; lastKnownFileType = text.plist.xml; path = Info.plist; sourceTree = "<group>"; };
		8D6D88C9219CB4FA0006F293 /* KotlinNativeIOSTests.xctest */ = {isa = PBXFileReference; explicitFileType = wrapper.cfbundle; includeInIndex = 0; path = KotlinNativeIOSTests.xctest; sourceTree = BUILT_PRODUCTS_DIR; };
		8D6D88CD219CB4FA0006F293 /* KotlinNativeIOSTests.swift */ = {isa = PBXFileReference; lastKnownFileType = sourcecode.swift; path = KotlinNativeIOSTests.swift; sourceTree = "<group>"; };
		8D6D88CF219CB4FA0006F293 /* Info.plist */ = {isa = PBXFileReference; lastKnownFileType = text.plist.xml; path = Info.plist; sourceTree = "<group>"; };
		8D6D88D4219CB4FA0006F293 /* KotlinNativeIOSUITests.xctest */ = {isa = PBXFileReference; explicitFileType = wrapper.cfbundle; includeInIndex = 0; path = KotlinNativeIOSUITests.xctest; sourceTree = BUILT_PRODUCTS_DIR; };
		8D6D88D8219CB4FA0006F293 /* KotlinNativeIOSUITests.swift */ = {isa = PBXFileReference; lastKnownFileType = sourcecode.swift; path = KotlinNativeIOSUITests.swift; sourceTree = "<group>"; };
		8D6D88DA219CB4FA0006F293 /* Info.plist */ = {isa = PBXFileReference; lastKnownFileType = text.plist.xml; path = Info.plist; sourceTree = "<group>"; };
		8D6D88E7219CB9B70006F293 /* SharedCode.framework */ = {isa = PBXFileReference; lastKnownFileType = wrapper.framework; name = SharedCode.framework; path = "../../SharedCode/build/xcode-frameworks/SharedCode.framework"; sourceTree = "<group>"; };
		8D6D88E9219CBA1A0006F293 /* SharedCode.framework */ = {isa = PBXFileReference; lastKnownFileType = wrapper.framework; name = SharedCode.framework; path = "../../SharedCode/build/xcode-frameworks/SharedCode.framework"; sourceTree = "<group>"; };
/* End PBXFileReference section */

/* Begin PBXFrameworksBuildPhase section */
		8D6D88B2219CB4F80006F293 /* Frameworks */ = {
			isa = PBXFrameworksBuildPhase;
			buildActionMask = 2147483647;
			files = (
				8D6D88EA219CBA1A0006F293 /* SharedCode.framework in Frameworks */,
			);
			runOnlyForDeploymentPostprocessing = 0;
		};
		8D6D88C6219CB4FA0006F293 /* Frameworks */ = {
			isa = PBXFrameworksBuildPhase;
			buildActionMask = 2147483647;
			files = (
			);
			runOnlyForDeploymentPostprocessing = 0;
		};
		8D6D88D1219CB4FA0006F293 /* Frameworks */ = {
			isa = PBXFrameworksBuildPhase;
			buildActionMask = 2147483647;
			files = (
			);
			runOnlyForDeploymentPostprocessing = 0;
		};
/* End PBXFrameworksBuildPhase section */

/* Begin PBXGroup section */
		8D6D88AC219CB4F80006F293 = {
			isa = PBXGroup;
			children = (
				8D6D88E9219CBA1A0006F293 /* SharedCode.framework */,
				8D6D88B7219CB4F80006F293 /* KotlinNativeIOS */,
				8D6D88CC219CB4FA0006F293 /* KotlinNativeIOSTests */,
				8D6D88D7219CB4FA0006F293 /* KotlinNativeIOSUITests */,
				8D6D88B6219CB4F80006F293 /* Products */,
				8D6D88E6219CB9B70006F293 /* Frameworks */,
			);
			sourceTree = "<group>";
		};
		8D6D88B6219CB4F80006F293 /* Products */ = {
			isa = PBXGroup;
			children = (
				8D6D88B5219CB4F80006F293 /* KotlinNativeIOS.app */,
				8D6D88C9219CB4FA0006F293 /* KotlinNativeIOSTests.xctest */,
				8D6D88D4219CB4FA0006F293 /* KotlinNativeIOSUITests.xctest */,
			);
			name = Products;
			sourceTree = "<group>";
		};
		8D6D88B7219CB4F80006F293 /* KotlinNativeIOS */ = {
			isa = PBXGroup;
			children = (
				8D6D88B8219CB4F90006F293 /* AppDelegate.swift */,
				8D6D88BA219CB4F90006F293 /* ViewController.swift */,
				8D6D88BC219CB4F90006F293 /* Main.storyboard */,
				8D6D88BF219CB4FA0006F293 /* Assets.xcassets */,
				8D6D88C1219CB4FA0006F293 /* LaunchScreen.storyboard */,
				8D6D88C4219CB4FA0006F293 /* Info.plist */,
			);
			path = KotlinNativeIOS;
			sourceTree = "<group>";
		};
		8D6D88CC219CB4FA0006F293 /* KotlinNativeIOSTests */ = {
			isa = PBXGroup;
			children = (
				8D6D88CD219CB4FA0006F293 /* KotlinNativeIOSTests.swift */,
				8D6D88CF219CB4FA0006F293 /* Info.plist */,
			);
			path = KotlinNativeIOSTests;
			sourceTree = "<group>";
		};
		8D6D88D7219CB4FA0006F293 /* KotlinNativeIOSUITests */ = {
			isa = PBXGroup;
			children = (
				8D6D88D8219CB4FA0006F293 /* KotlinNativeIOSUITests.swift */,
				8D6D88DA219CB4FA0006F293 /* Info.plist */,
			);
			path = KotlinNativeIOSUITests;
			sourceTree = "<group>";
		};
		8D6D88E6219CB9B70006F293 /* Frameworks */ = {
			isa = PBXGroup;
			children = (
				8D6D88E7219CB9B70006F293 /* SharedCode.framework */,
			);
			name = Frameworks;
			sourceTree = "<group>";
		};
/* End PBXGroup section */

/* Begin PBXNativeTarget section */
		8D6D88B4219CB4F80006F293 /* KotlinNativeIOS */ = {
			isa = PBXNativeTarget;
			buildConfigurationList = 8D6D88DD219CB4FA0006F293 /* Build configuration list for PBXNativeTarget "KotlinNativeIOS" */;
			buildPhases = (
				8D6D88B1219CB4F80006F293 /* Sources */,
				8D6D88B2219CB4F80006F293 /* Frameworks */,
				8D6D88B3219CB4F80006F293 /* Resources */,
				8D6D88EC219CBA1A0006F293 /* Embed Frameworks */,
				8D81C629219F4F6B0074CB15 /* ShellScript */,
			);
			buildRules = (
			);
			dependencies = (
			);
			name = KotlinNativeIOS;
			productName = KotlinNativeIOS;
			productReference = 8D6D88B5219CB4F80006F293 /* KotlinNativeIOS.app */;
			productType = "com.apple.product-type.application";
		};
		8D6D88C8219CB4FA0006F293 /* KotlinNativeIOSTests */ = {
			isa = PBXNativeTarget;
			buildConfigurationList = 8D6D88E0219CB4FA0006F293 /* Build configuration list for PBXNativeTarget "KotlinNativeIOSTests" */;
			buildPhases = (
				8D6D88C5219CB4FA0006F293 /* Sources */,
				8D6D88C6219CB4FA0006F293 /* Frameworks */,
				8D6D88C7219CB4FA0006F293 /* Resources */,
			);
			buildRules = (
			);
			dependencies = (
				8D6D88CB219CB4FA0006F293 /* PBXTargetDependency */,
			);
			name = KotlinNativeIOSTests;
			productName = KotlinNativeIOSTests;
			productReference = 8D6D88C9219CB4FA0006F293 /* KotlinNativeIOSTests.xctest */;
			productType = "com.apple.product-type.bundle.unit-test";
		};
		8D6D88D3219CB4FA0006F293 /* KotlinNativeIOSUITests */ = {
			isa = PBXNativeTarget;
			buildConfigurationList = 8D6D88E3219CB4FA0006F293 /* Build configuration list for PBXNativeTarget "KotlinNativeIOSUITests" */;
			buildPhases = (
				8D6D88D0219CB4FA0006F293 /* Sources */,
				8D6D88D1219CB4FA0006F293 /* Frameworks */,
				8D6D88D2219CB4FA0006F293 /* Resources */,
			);
			buildRules = (
			);
			dependencies = (
				8D6D88D6219CB4FA0006F293 /* PBXTargetDependency */,
			);
			name = KotlinNativeIOSUITests;
			productName = KotlinNativeIOSUITests;
			productReference = 8D6D88D4219CB4FA0006F293 /* KotlinNativeIOSUITests.xctest */;
			productType = "com.apple.product-type.bundle.ui-testing";
		};
/* End PBXNativeTarget section */

/* Begin PBXProject section */
		8D6D88AD219CB4F80006F293 /* Project object */ = {
			isa = PBXProject;
			attributes = {
				LastSwiftUpdateCheck = 0940;
				LastUpgradeCheck = 0940;
				ORGANIZATIONNAME = "Nicole Felch";
				TargetAttributes = {
					8D6D88B4219CB4F80006F293 = {
						CreatedOnToolsVersion = 9.4.1;
					};
					8D6D88C8219CB4FA0006F293 = {
						CreatedOnToolsVersion = 9.4.1;
						TestTargetID = 8D6D88B4219CB4F80006F293;
					};
					8D6D88D3219CB4FA0006F293 = {
						CreatedOnToolsVersion = 9.4.1;
						TestTargetID = 8D6D88B4219CB4F80006F293;
					};
				};
			};
			buildConfigurationList = 8D6D88B0219CB4F80006F293 /* Build configuration list for PBXProject "KotlinNativeIOS" */;
			compatibilityVersion = "Xcode 9.3";
			developmentRegion = en;
			hasScannedForEncodings = 0;
			knownRegions = (
				en,
				Base,
			);
			mainGroup = 8D6D88AC219CB4F80006F293;
			productRefGroup = 8D6D88B6219CB4F80006F293 /* Products */;
			projectDirPath = "";
			projectRoot = "";
			targets = (
				8D6D88B4219CB4F80006F293 /* KotlinNativeIOS */,
				8D6D88C8219CB4FA0006F293 /* KotlinNativeIOSTests */,
				8D6D88D3219CB4FA0006F293 /* KotlinNativeIOSUITests */,
			);
		};
/* End PBXProject section */

/* Begin PBXResourcesBuildPhase section */
		8D6D88B3219CB4F80006F293 /* Resources */ = {
			isa = PBXResourcesBuildPhase;
			buildActionMask = 2147483647;
			files = (
				8D6D88C3219CB4FA0006F293 /* LaunchScreen.storyboard in Resources */,
				8D6D88C0219CB4FA0006F293 /* Assets.xcassets in Resources */,
				8D6D88BE219CB4F90006F293 /* Main.storyboard in Resources */,
			);
			runOnlyForDeploymentPostprocessing = 0;
		};
		8D6D88C7219CB4FA0006F293 /* Resources */ = {
			isa = PBXResourcesBuildPhase;
			buildActionMask = 2147483647;
			files = (
			);
			runOnlyForDeploymentPostprocessing = 0;
		};
		8D6D88D2219CB4FA0006F293 /* Resources */ = {
			isa = PBXResourcesBuildPhase;
			buildActionMask = 2147483647;
			files = (
			);
			runOnlyForDeploymentPostprocessing = 0;
		};
/* End PBXResourcesBuildPhase section */

/* Begin PBXShellScriptBuildPhase section */
		8D81C629219F4F6B0074CB15 /* ShellScript */ = {
			isa = PBXShellScriptBuildPhase;
			buildActionMask = 2147483647;
			files = (
			);
			inputFileListPaths = (
			);
			inputPaths = (
			);
			outputFileListPaths = (
			);
			outputPaths = (
			);
			runOnlyForDeploymentPostprocessing = 0;
			shellPath = /bin/sh;
			shellScript = "# Type a script or drag a script file from your workspace to insert its path.\ncd \"$SRCROOT/../../SharedCode/build/xcode-frameworks\"\n./gradlew :SharedCode:packForXCode -PXCODE_CONFIGURATION=${CONFIGURATION}\n";
		};
/* End PBXShellScriptBuildPhase section */

/* Begin PBXSourcesBuildPhase section */
		8D6D88B1219CB4F80006F293 /* Sources */ = {
			isa = PBXSourcesBuildPhase;
			buildActionMask = 2147483647;
			files = (
				8D6D88BB219CB4F90006F293 /* ViewController.swift in Sources */,
				8D6D88B9219CB4F90006F293 /* AppDelegate.swift in Sources */,
			);
			runOnlyForDeploymentPostprocessing = 0;
		};
		8D6D88C5219CB4FA0006F293 /* Sources */ = {
			isa = PBXSourcesBuildPhase;
			buildActionMask = 2147483647;
			files = (
				8D6D88CE219CB4FA0006F293 /* KotlinNativeIOSTests.swift in Sources */,
			);
			runOnlyForDeploymentPostprocessing = 0;
		};
		8D6D88D0219CB4FA0006F293 /* Sources */ = {
			isa = PBXSourcesBuildPhase;
			buildActionMask = 2147483647;
			files = (
				8D6D88D9219CB4FA0006F293 /* KotlinNativeIOSUITests.swift in Sources */,
			);
			runOnlyForDeploymentPostprocessing = 0;
		};
/* End PBXSourcesBuildPhase section */

/* Begin PBXTargetDependency section */
		8D6D88CB219CB4FA0006F293 /* PBXTargetDependency */ = {
			isa = PBXTargetDependency;
			target = 8D6D88B4219CB4F80006F293 /* KotlinNativeIOS */;
			targetProxy = 8D6D88CA219CB4FA0006F293 /* PBXContainerItemProxy */;
		};
		8D6D88D6219CB4FA0006F293 /* PBXTargetDependency */ = {
			isa = PBXTargetDependency;
			target = 8D6D88B4219CB4F80006F293 /* KotlinNativeIOS */;
			targetProxy = 8D6D88D5219CB4FA0006F293 /* PBXContainerItemProxy */;
		};
/* End PBXTargetDependency section */

/* Begin PBXVariantGroup section */
		8D6D88BC219CB4F90006F293 /* Main.storyboard */ = {
			isa = PBXVariantGroup;
			children = (
				8D6D88BD219CB4F90006F293 /* Base */,
			);
			name = Main.storyboard;
			sourceTree = "<group>";
		};
		8D6D88C1219CB4FA0006F293 /* LaunchScreen.storyboard */ = {
			isa = PBXVariantGroup;
			children = (
				8D6D88C2219CB4FA0006F293 /* Base */,
			);
			name = LaunchScreen.storyboard;
			sourceTree = "<group>";
		};
/* End PBXVariantGroup section */

/* Begin XCBuildConfiguration section */
		8D6D88DB219CB4FA0006F293 /* Debug */ = {
			isa = XCBuildConfiguration;
			buildSettings = {
				ALWAYS_SEARCH_USER_PATHS = NO;
				CLANG_ANALYZER_NONNULL = YES;
				CLANG_ANALYZER_NUMBER_OBJECT_CONVERSION = YES_AGGRESSIVE;
				CLANG_CXX_LANGUAGE_STANDARD = "gnu++14";
				CLANG_CXX_LIBRARY = "libc++";
				CLANG_ENABLE_MODULES = YES;
				CLANG_ENABLE_OBJC_ARC = YES;
				CLANG_ENABLE_OBJC_WEAK = YES;
				CLANG_WARN_BLOCK_CAPTURE_AUTORELEASING = YES;
				CLANG_WARN_BOOL_CONVERSION = YES;
				CLANG_WARN_COMMA = YES;
				CLANG_WARN_CONSTANT_CONVERSION = YES;
				CLANG_WARN_DEPRECATED_OBJC_IMPLEMENTATIONS = YES;
				CLANG_WARN_DIRECT_OBJC_ISA_USAGE = YES_ERROR;
				CLANG_WARN_DOCUMENTATION_COMMENTS = YES;
				CLANG_WARN_EMPTY_BODY = YES;
				CLANG_WARN_ENUM_CONVERSION = YES;
				CLANG_WARN_INFINITE_RECURSION = YES;
				CLANG_WARN_INT_CONVERSION = YES;
				CLANG_WARN_NON_LITERAL_NULL_CONVERSION = YES;
				CLANG_WARN_OBJC_IMPLICIT_RETAIN_SELF = YES;
				CLANG_WARN_OBJC_LITERAL_CONVERSION = YES;
				CLANG_WARN_OBJC_ROOT_CLASS = YES_ERROR;
				CLANG_WARN_RANGE_LOOP_ANALYSIS = YES;
				CLANG_WARN_STRICT_PROTOTYPES = YES;
				CLANG_WARN_SUSPICIOUS_MOVE = YES;
				CLANG_WARN_UNGUARDED_AVAILABILITY = YES_AGGRESSIVE;
				CLANG_WARN_UNREACHABLE_CODE = YES;
				CLANG_WARN__DUPLICATE_METHOD_MATCH = YES;
				CODE_SIGN_IDENTITY = "iPhone Developer";
				COPY_PHASE_STRIP = NO;
				DEBUG_INFORMATION_FORMAT = dwarf;
				ENABLE_STRICT_OBJC_MSGSEND = YES;
				ENABLE_TESTABILITY = YES;
				GCC_C_LANGUAGE_STANDARD = gnu11;
				GCC_DYNAMIC_NO_PIC = NO;
				GCC_NO_COMMON_BLOCKS = YES;
				GCC_OPTIMIZATION_LEVEL = 0;
				GCC_PREPROCESSOR_DEFINITIONS = (
					"DEBUG=1",
					"$(inherited)",
				);
				GCC_WARN_64_TO_32_BIT_CONVERSION = YES;
				GCC_WARN_ABOUT_RETURN_TYPE = YES_ERROR;
				GCC_WARN_UNDECLARED_SELECTOR = YES;
				GCC_WARN_UNINITIALIZED_AUTOS = YES_AGGRESSIVE;
				GCC_WARN_UNUSED_FUNCTION = YES;
				GCC_WARN_UNUSED_VARIABLE = YES;
				IPHONEOS_DEPLOYMENT_TARGET = 11.4;
				MTL_ENABLE_DEBUG_INFO = YES;
				ONLY_ACTIVE_ARCH = YES;
				SDKROOT = iphoneos;
				SWIFT_ACTIVE_COMPILATION_CONDITIONS = DEBUG;
				SWIFT_OPTIMIZATION_LEVEL = "-Onone";
			};
			name = Debug;
		};
		8D6D88DC219CB4FA0006F293 /* Release */ = {
			isa = XCBuildConfiguration;
			buildSettings = {
				ALWAYS_SEARCH_USER_PATHS = NO;
				CLANG_ANALYZER_NONNULL = YES;
				CLANG_ANALYZER_NUMBER_OBJECT_CONVERSION = YES_AGGRESSIVE;
				CLANG_CXX_LANGUAGE_STANDARD = "gnu++14";
				CLANG_CXX_LIBRARY = "libc++";
				CLANG_ENABLE_MODULES = YES;
				CLANG_ENABLE_OBJC_ARC = YES;
				CLANG_ENABLE_OBJC_WEAK = YES;
				CLANG_WARN_BLOCK_CAPTURE_AUTORELEASING = YES;
				CLANG_WARN_BOOL_CONVERSION = YES;
				CLANG_WARN_COMMA = YES;
				CLANG_WARN_CONSTANT_CONVERSION = YES;
				CLANG_WARN_DEPRECATED_OBJC_IMPLEMENTATIONS = YES;
				CLANG_WARN_DIRECT_OBJC_ISA_USAGE = YES_ERROR;
				CLANG_WARN_DOCUMENTATION_COMMENTS = YES;
				CLANG_WARN_EMPTY_BODY = YES;
				CLANG_WARN_ENUM_CONVERSION = YES;
				CLANG_WARN_INFINITE_RECURSION = YES;
				CLANG_WARN_INT_CONVERSION = YES;
				CLANG_WARN_NON_LITERAL_NULL_CONVERSION = YES;
				CLANG_WARN_OBJC_IMPLICIT_RETAIN_SELF = YES;
				CLANG_WARN_OBJC_LITERAL_CONVERSION = YES;
				CLANG_WARN_OBJC_ROOT_CLASS = YES_ERROR;
				CLANG_WARN_RANGE_LOOP_ANALYSIS = YES;
				CLANG_WARN_STRICT_PROTOTYPES = YES;
				CLANG_WARN_SUSPICIOUS_MOVE = YES;
				CLANG_WARN_UNGUARDED_AVAILABILITY = YES_AGGRESSIVE;
				CLANG_WARN_UNREACHABLE_CODE = YES;
				CLANG_WARN__DUPLICATE_METHOD_MATCH = YES;
				CODE_SIGN_IDENTITY = "iPhone Developer";
				COPY_PHASE_STRIP = NO;
				DEBUG_INFORMATION_FORMAT = "dwarf-with-dsym";
				ENABLE_NS_ASSERTIONS = NO;
				ENABLE_STRICT_OBJC_MSGSEND = YES;
				GCC_C_LANGUAGE_STANDARD = gnu11;
				GCC_NO_COMMON_BLOCKS = YES;
				GCC_WARN_64_TO_32_BIT_CONVERSION = YES;
				GCC_WARN_ABOUT_RETURN_TYPE = YES_ERROR;
				GCC_WARN_UNDECLARED_SELECTOR = YES;
				GCC_WARN_UNINITIALIZED_AUTOS = YES_AGGRESSIVE;
				GCC_WARN_UNUSED_FUNCTION = YES;
				GCC_WARN_UNUSED_VARIABLE = YES;
				IPHONEOS_DEPLOYMENT_TARGET = 11.4;
				MTL_ENABLE_DEBUG_INFO = NO;
				SDKROOT = iphoneos;
				SWIFT_COMPILATION_MODE = wholemodule;
				SWIFT_OPTIMIZATION_LEVEL = "-O";
				VALIDATE_PRODUCT = YES;
			};
			name = Release;
		};
		8D6D88DE219CB4FA0006F293 /* Debug */ = {
			isa = XCBuildConfiguration;
			buildSettings = {
				ASSETCATALOG_COMPILER_APPICON_NAME = AppIcon;
				CODE_SIGN_STYLE = Automatic;
				DEVELOPMENT_TEAM = 34J444L457;
				ENABLE_BITCODE = NO;
				FRAMEWORK_SEARCH_PATHS = "$(SRCROOT)/../../SharedCode/build/xcode-frameworks";
				INFOPLIST_FILE = KotlinNativeIOS/Info.plist;
				LD_RUNPATH_SEARCH_PATHS = (
					"$(inherited)",
					"@executable_path/Frameworks",
				);
				PRODUCT_BUNDLE_IDENTIFIER = com.github.nf1213.KotlinNativeIOS;
				PRODUCT_NAME = "$(TARGET_NAME)";
				SWIFT_VERSION = 4.0;
				TARGETED_DEVICE_FAMILY = "1,2";
			};
			name = Debug;
		};
		8D6D88DF219CB4FA0006F293 /* Release */ = {
			isa = XCBuildConfiguration;
			buildSettings = {
				ASSETCATALOG_COMPILER_APPICON_NAME = AppIcon;
				CODE_SIGN_STYLE = Automatic;
				DEVELOPMENT_TEAM = 34J444L457;
				ENABLE_BITCODE = NO;
				FRAMEWORK_SEARCH_PATHS = "$(SRCROOT)/../../SharedCode/build/xcode-frameworks";
				INFOPLIST_FILE = KotlinNativeIOS/Info.plist;
				LD_RUNPATH_SEARCH_PATHS = (
					"$(inherited)",
					"@executable_path/Frameworks",
				);
				PRODUCT_BUNDLE_IDENTIFIER = com.github.nf1213.KotlinNativeIOS;
				PRODUCT_NAME = "$(TARGET_NAME)";
				SWIFT_VERSION = 4.0;
				TARGETED_DEVICE_FAMILY = "1,2";
			};
			name = Release;
		};
		8D6D88E1219CB4FA0006F293 /* Debug */ = {
			isa = XCBuildConfiguration;
			buildSettings = {
				ALWAYS_EMBED_SWIFT_STANDARD_LIBRARIES = YES;
				BUNDLE_LOADER = "$(TEST_HOST)";
				CODE_SIGN_STYLE = Automatic;
				DEVELOPMENT_TEAM = 34J444L457;
				INFOPLIST_FILE = KotlinNativeIOSTests/Info.plist;
				LD_RUNPATH_SEARCH_PATHS = (
					"$(inherited)",
					"@executable_path/Frameworks",
					"@loader_path/Frameworks",
				);
				PRODUCT_BUNDLE_IDENTIFIER = com.github.nf1213.KotlinNativeIOSTests;
				PRODUCT_NAME = "$(TARGET_NAME)";
				SWIFT_VERSION = 4.0;
				TARGETED_DEVICE_FAMILY = "1,2";
				TEST_HOST = "$(BUILT_PRODUCTS_DIR)/KotlinNativeIOS.app/KotlinNativeIOS";
			};
			name = Debug;
		};
		8D6D88E2219CB4FA0006F293 /* Release */ = {
			isa = XCBuildConfiguration;
			buildSettings = {
				ALWAYS_EMBED_SWIFT_STANDARD_LIBRARIES = YES;
				BUNDLE_LOADER = "$(TEST_HOST)";
				CODE_SIGN_STYLE = Automatic;
				DEVELOPMENT_TEAM = 34J444L457;
				INFOPLIST_FILE = KotlinNativeIOSTests/Info.plist;
				LD_RUNPATH_SEARCH_PATHS = (
					"$(inherited)",
					"@executable_path/Frameworks",
					"@loader_path/Frameworks",
				);
				PRODUCT_BUNDLE_IDENTIFIER = com.github.nf1213.KotlinNativeIOSTests;
				PRODUCT_NAME = "$(TARGET_NAME)";
				SWIFT_VERSION = 4.0;
				TARGETED_DEVICE_FAMILY = "1,2";
				TEST_HOST = "$(BUILT_PRODUCTS_DIR)/KotlinNativeIOS.app/KotlinNativeIOS";
			};
			name = Release;
		};
		8D6D88E4219CB4FA0006F293 /* Debug */ = {
			isa = XCBuildConfiguration;
			buildSettings = {
				ALWAYS_EMBED_SWIFT_STANDARD_LIBRARIES = YES;
				CODE_SIGN_STYLE = Automatic;
				DEVELOPMENT_TEAM = 34J444L457;
				INFOPLIST_FILE = KotlinNativeIOSUITests/Info.plist;
				LD_RUNPATH_SEARCH_PATHS = (
					"$(inherited)",
					"@executable_path/Frameworks",
					"@loader_path/Frameworks",
				);
				PRODUCT_BUNDLE_IDENTIFIER = com.github.nf1213.KotlinNativeIOSUITests;
				PRODUCT_NAME = "$(TARGET_NAME)";
				SWIFT_VERSION = 4.0;
				TARGETED_DEVICE_FAMILY = "1,2";
				TEST_TARGET_NAME = KotlinNativeIOS;
			};
			name = Debug;
		};
		8D6D88E5219CB4FA0006F293 /* Release */ = {
			isa = XCBuildConfiguration;
			buildSettings = {
				ALWAYS_EMBED_SWIFT_STANDARD_LIBRARIES = YES;
				CODE_SIGN_STYLE = Automatic;
				DEVELOPMENT_TEAM = 34J444L457;
				INFOPLIST_FILE = KotlinNativeIOSUITests/Info.plist;
				LD_RUNPATH_SEARCH_PATHS = (
					"$(inherited)",
					"@executable_path/Frameworks",
					"@loader_path/Frameworks",
				);
				PRODUCT_BUNDLE_IDENTIFIER = com.github.nf1213.KotlinNativeIOSUITests;
				PRODUCT_NAME = "$(TARGET_NAME)";
				SWIFT_VERSION = 4.0;
				TARGETED_DEVICE_FAMILY = "1,2";
				TEST_TARGET_NAME = KotlinNativeIOS;
			};
			name = Release;
		};
/* End XCBuildConfiguration section */

/* Begin XCConfigurationList section */
		8D6D88B0219CB4F80006F293 /* Build configuration list for PBXProject "KotlinNativeIOS" */ = {
			isa = XCConfigurationList;
			buildConfigurations = (
				8D6D88DB219CB4FA0006F293 /* Debug */,
				8D6D88DC219CB4FA0006F293 /* Release */,
			);
			defaultConfigurationIsVisible = 0;
			defaultConfigurationName = Release;
		};
		8D6D88DD219CB4FA0006F293 /* Build configuration list for PBXNativeTarget "KotlinNativeIOS" */ = {
			isa = XCConfigurationList;
			buildConfigurations = (
				8D6D88DE219CB4FA0006F293 /* Debug */,
				8D6D88DF219CB4FA0006F293 /* Release */,
			);
			defaultConfigurationIsVisible = 0;
			defaultConfigurationName = Release;
		};
		8D6D88E0219CB4FA0006F293 /* Build configuration list for PBXNativeTarget "KotlinNativeIOSTests" */ = {
			isa = XCConfigurationList;
			buildConfigurations = (
				8D6D88E1219CB4FA0006F293 /* Debug */,
				8D6D88E2219CB4FA0006F293 /* Release */,
			);
			defaultConfigurationIsVisible = 0;
			defaultConfigurationName = Release;
		};
		8D6D88E3219CB4FA0006F293 /* Build configuration list for PBXNativeTarget "KotlinNativeIOSUITests" */ = {
			isa = XCConfigurationList;
			buildConfigurations = (
				8D6D88E4219CB4FA0006F293 /* Debug */,
				8D6D88E5219CB4FA0006F293 /* Release */,
			);
			defaultConfigurationIsVisible = 0;
			defaultConfigurationName = Release;
		};
/* End XCConfigurationList section */
	};
	rootObject = 8D6D88AD219CB4F80006F293 /* Project object */;
}
